// !$*UTF8*$!
{
	archiveVersion = 1;
	classes = {
	};
	objectVersion = 56;
	objects = {

/* Begin PBXBuildFile section */
		00E3C6D529C8DD9F00C4879B /* AppDelegate.swift in Sources */ = {isa = PBXBuildFile; fileRef = 00E3C6D429C8DD9F00C4879B /* AppDelegate.swift */; };
		00E3C6DE29C8DDA000C4879B /* Assets.xcassets in Resources */ = {isa = PBXBuildFile; fileRef = 00E3C6DD29C8DDA000C4879B /* Assets.xcassets */; };
		00E3C6E129C8DDA000C4879B /* LaunchScreen.storyboard in Resources */ = {isa = PBXBuildFile; fileRef = 00E3C6DF29C8DDA000C4879B /* LaunchScreen.storyboard */; };
		00E3C6ED29C9D96900C4879B /* MainViewController.swift in Sources */ = {isa = PBXBuildFile; fileRef = 00E3C6EB29C9D96900C4879B /* MainViewController.swift */; };
		00E3C6EE29C9D96900C4879B /* MainViewController.xib in Resources */ = {isa = PBXBuildFile; fileRef = 00E3C6EC29C9D96900C4879B /* MainViewController.xib */; };
		00E3C6F829C9E18300C4879B /* MainViewController + TableView.swift in Sources */ = {isa = PBXBuildFile; fileRef = 00E3C6F729C9E18300C4879B /* MainViewController + TableView.swift */; };
		00E3C6FA29C9E2B900C4879B /* MainViewModel.swift in Sources */ = {isa = PBXBuildFile; fileRef = 00E3C6F929C9E2B900C4879B /* MainViewModel.swift */; };
		00E3C6FC29C9F31500C4879B /* NetworkConstant.swift in Sources */ = {isa = PBXBuildFile; fileRef = 00E3C6FB29C9F31500C4879B /* NetworkConstant.swift */; };
		00E3C6FE29C9F87E00C4879B /* ApiCaller.swift in Sources */ = {isa = PBXBuildFile; fileRef = 00E3C6FD29C9F87E00C4879B /* ApiCaller.swift */; };
		00E3C70029C9F8DB00C4879B /* TrendingMovieModel.swift in Sources */ = {isa = PBXBuildFile; fileRef = 00E3C6FF29C9F8DB00C4879B /* TrendingMovieModel.swift */; };
		00E3C70429CA029C00C4879B /* Observable.swift in Sources */ = {isa = PBXBuildFile; fileRef = 00E3C70329CA029C00C4879B /* Observable.swift */; };
/* End PBXBuildFile section */

/* Begin PBXFileReference section */
		00E3C6D129C8DD9F00C4879B /* TrandingMovie.app */ = {isa = PBXFileReference; explicitFileType = wrapper.application; includeInIndex = 0; path = TrandingMovie.app; sourceTree = BUILT_PRODUCTS_DIR; };
		00E3C6D429C8DD9F00C4879B /* AppDelegate.swift */ = {isa = PBXFileReference; lastKnownFileType = sourcecode.swift; path = AppDelegate.swift; sourceTree = "<group>"; };
		00E3C6DD29C8DDA000C4879B /* Assets.xcassets */ = {isa = PBXFileReference; lastKnownFileType = folder.assetcatalog; path = Assets.xcassets; sourceTree = "<group>"; };
		00E3C6E029C8DDA000C4879B /* Base */ = {isa = PBXFileReference; lastKnownFileType = file.storyboard; name = Base; path = Base.lproj/LaunchScreen.storyboard; sourceTree = "<group>"; };
		00E3C6E229C8DDA000C4879B /* Info.plist */ = {isa = PBXFileReference; lastKnownFileType = text.plist.xml; path = Info.plist; sourceTree = "<group>"; };
		00E3C6EB29C9D96900C4879B /* MainViewController.swift */ = {isa = PBXFileReference; lastKnownFileType = sourcecode.swift; path = MainViewController.swift; sourceTree = "<group>"; };
		00E3C6EC29C9D96900C4879B /* MainViewController.xib */ = {isa = PBXFileReference; lastKnownFileType = file.xib; path = MainViewController.xib; sourceTree = "<group>"; };
		00E3C6F729C9E18300C4879B /* MainViewController + TableView.swift */ = {isa = PBXFileReference; lastKnownFileType = sourcecode.swift; path = "MainViewController + TableView.swift"; sourceTree = "<group>"; };
		00E3C6F929C9E2B900C4879B /* MainViewModel.swift */ = {isa = PBXFileReference; lastKnownFileType = sourcecode.swift; path = MainViewModel.swift; sourceTree = "<group>"; };
		00E3C6FB29C9F31500C4879B /* NetworkConstant.swift */ = {isa = PBXFileReference; lastKnownFileType = sourcecode.swift; path = NetworkConstant.swift; sourceTree = "<group>"; };
		00E3C6FD29C9F87E00C4879B /* ApiCaller.swift */ = {isa = PBXFileReference; lastKnownFileType = sourcecode.swift; path = ApiCaller.swift; sourceTree = "<group>"; };
		00E3C6FF29C9F8DB00C4879B /* TrendingMovieModel.swift */ = {isa = PBXFileReference; lastKnownFileType = sourcecode.swift; path = TrendingMovieModel.swift; sourceTree = "<group>"; };
		00E3C70329CA029C00C4879B /* Observable.swift */ = {isa = PBXFileReference; lastKnownFileType = sourcecode.swift; path = Observable.swift; sourceTree = "<group>"; };
/* End PBXFileReference section */

/* Begin PBXFrameworksBuildPhase section */
		00E3C6CE29C8DD9F00C4879B /* Frameworks */ = {
			isa = PBXFrameworksBuildPhase;
			buildActionMask = 2147483647;
			files = (
			);
			runOnlyForDeploymentPostprocessing = 0;
		};
/* End PBXFrameworksBuildPhase section */

/* Begin PBXGroup section */
		00E3C6C829C8DD9F00C4879B = {
			isa = PBXGroup;
			children = (
				00E3C6D329C8DD9F00C4879B /* TrandingMovie */,
				00E3C6D229C8DD9F00C4879B /* Products */,
			);
			sourceTree = "<group>";
		};
		00E3C6D229C8DD9F00C4879B /* Products */ = {
			isa = PBXGroup;
			children = (
				00E3C6D129C8DD9F00C4879B /* TrandingMovie.app */,
			);
			name = Products;
			sourceTree = "<group>";
		};
		00E3C6D329C8DD9F00C4879B /* TrandingMovie */ = {
			isa = PBXGroup;
			children = (
				00E3C6F629C9DBF600C4879B /* Networking */,
				00E3C6F529C9DBE000C4879B /* Extension */,
				00E3C6F429C9DBD100C4879B /* Resources */,
				00E3C6F329C9DBBA00C4879B /* Classes */,
				00E3C6F229C9DBB500C4879B /* Model */,
				00E3C6F129C9DBAC00C4879B /* Controllers */,
				00E3C6F029C9DBA700C4879B /* ViewModel */,
				00E3C6EF29C9DB9400C4879B /* View */,
				00E3C6D429C8DD9F00C4879B /* AppDelegate.swift */,
				00E3C6E229C8DDA000C4879B /* Info.plist */,
			);
			path = TrandingMovie;
			sourceTree = "<group>";
		};
		00E3C6E829C9D91F00C4879B /* MainViewController */ = {
			isa = PBXGroup;
			children = (
				00E3C6EB29C9D96900C4879B /* MainViewController.swift */,
				00E3C6EC29C9D96900C4879B /* MainViewController.xib */,
				00E3C6F729C9E18300C4879B /* MainViewController + TableView.swift */,
			);
			path = MainViewController;
			sourceTree = "<group>";
		};
		00E3C6EF29C9DB9400C4879B /* View */ = {
			isa = PBXGroup;
			children = (
				00E3C6DF29C8DDA000C4879B /* LaunchScreen.storyboard */,
			);
			path = View;
			sourceTree = "<group>";
		};
		00E3C6F029C9DBA700C4879B /* ViewModel */ = {
			isa = PBXGroup;
			children = (
				00E3C6F929C9E2B900C4879B /* MainViewModel.swift */,
			);
			path = ViewModel;
			sourceTree = "<group>";
		};
		00E3C6F129C9DBAC00C4879B /* Controllers */ = {
			isa = PBXGroup;
			children = (
				00E3C6E829C9D91F00C4879B /* MainViewController */,
			);
			path = Controllers;
			sourceTree = "<group>";
		};
		00E3C6F229C9DBB500C4879B /* Model */ = {
			isa = PBXGroup;
			children = (
				00E3C6FF29C9F8DB00C4879B /* TrendingMovieModel.swift */,
			);
			path = Model;
			sourceTree = "<group>";
		};
		00E3C6F329C9DBBA00C4879B /* Classes */ = {
			isa = PBXGroup;
			children = (
				00E3C70329CA029C00C4879B /* Observable.swift */,
			);
			path = Classes;
			sourceTree = "<group>";
		};
		00E3C6F429C9DBD100C4879B /* Resources */ = {
			isa = PBXGroup;
			children = (
				00E3C6DD29C8DDA000C4879B /* Assets.xcassets */,
			);
			path = Resources;
			sourceTree = "<group>";
		};
		00E3C6F529C9DBE000C4879B /* Extension */ = {
			isa = PBXGroup;
			children = (
			);
			name = Extension;
			sourceTree = "<group>";
		};
		00E3C6F629C9DBF600C4879B /* Networking */ = {
			isa = PBXGroup;
			children = (
				00E3C6FB29C9F31500C4879B /* NetworkConstant.swift */,
				00E3C6FD29C9F87E00C4879B /* ApiCaller.swift */,
			);
			path = Networking;
			sourceTree = "<group>";
		};
/* End PBXGroup section */

/* Begin PBXNativeTarget section */
		00E3C6D029C8DD9F00C4879B /* TrandingMovie */ = {
			isa = PBXNativeTarget;
			buildConfigurationList = 00E3C6E529C8DDA000C4879B /* Build configuration list for PBXNativeTarget "TrandingMovie" */;
			buildPhases = (
				00E3C6CD29C8DD9F00C4879B /* Sources */,
				00E3C6CE29C8DD9F00C4879B /* Frameworks */,
				00E3C6CF29C8DD9F00C4879B /* Resources */,
			);
			buildRules = (
			);
			dependencies = (
			);
			name = TrandingMovie;
			productName = TrandingMovie;
			productReference = 00E3C6D129C8DD9F00C4879B /* TrandingMovie.app */;
			productType = "com.apple.product-type.application";
		};
/* End PBXNativeTarget section */

/* Begin PBXProject section */
		00E3C6C929C8DD9F00C4879B /* Project object */ = {
			isa = PBXProject;
			attributes = {
				BuildIndependentTargetsInParallel = 1;
				LastSwiftUpdateCheck = 1420;
				LastUpgradeCheck = 1420;
				TargetAttributes = {
					00E3C6D029C8DD9F00C4879B = {
						CreatedOnToolsVersion = 14.2;
					};
				};
			};
			buildConfigurationList = 00E3C6CC29C8DD9F00C4879B /* Build configuration list for PBXProject "TrandingMovie" */;
			compatibilityVersion = "Xcode 14.0";
			developmentRegion = en;
			hasScannedForEncodings = 0;
			knownRegions = (
				en,
				Base,
			);
			mainGroup = 00E3C6C829C8DD9F00C4879B;
			productRefGroup = 00E3C6D229C8DD9F00C4879B /* Products */;
			projectDirPath = "";
			projectRoot = "";
			targets = (
				00E3C6D029C8DD9F00C4879B /* TrandingMovie */,
			);
		};
/* End PBXProject section */

/* Begin PBXResourcesBuildPhase section */
		00E3C6CF29C8DD9F00C4879B /* Resources */ = {
			isa = PBXResourcesBuildPhase;
			buildActionMask = 2147483647;
			files = (
				00E3C6E129C8DDA000C4879B /* LaunchScreen.storyboard in Resources */,
				00E3C6EE29C9D96900C4879B /* MainViewController.xib in Resources */,
				00E3C6DE29C8DDA000C4879B /* Assets.xcassets in Resources */,
			);
			runOnlyForDeploymentPostprocessing = 0;
		};
/* End PBXResourcesBuildPhase section */

/* Begin PBXSourcesBuildPhase section */
		00E3C6CD29C8DD9F00C4879B /* Sources */ = {
			isa = PBXSourcesBuildPhase;
			buildActionMask = 2147483647;
			files = (
				00E3C70429CA029C00C4879B /* Observable.swift in Sources */,
				00E3C6F829C9E18300C4879B /* MainViewController + TableView.swift in Sources */,
				00E3C6FE29C9F87E00C4879B /* ApiCaller.swift in Sources */,
				00E3C6ED29C9D96900C4879B /* MainViewController.swift in Sources */,
				00E3C6D529C8DD9F00C4879B /* AppDelegate.swift in Sources */,
				00E3C70029C9F8DB00C4879B /* TrendingMovieModel.swift in Sources */,
				00E3C6FC29C9F31500C4879B /* NetworkConstant.swift in Sources */,
				00E3C6FA29C9E2B900C4879B /* MainViewModel.swift in Sources */,
			);
			runOnlyForDeploymentPostprocessing = 0;
		};
/* End PBXSourcesBuildPhase section */

/* Begin PBXVariantGroup section */
		00E3C6DF29C8DDA000C4879B /* LaunchScreen.storyboard */ = {
			isa = PBXVariantGroup;
			children = (
				00E3C6E029C8DDA000C4879B /* Base */,
			);
			name = LaunchScreen.storyboard;
			sourceTree = "<group>";
		};
/* End PBXVariantGroup section */

/* Begin XCBuildConfiguration section */
		00E3C6E329C8DDA000C4879B /* Debug */ = {
			isa = XCBuildConfiguration;
			buildSettings = {
				ALWAYS_SEARCH_USER_PATHS = NO;
				CLANG_ANALYZER_NONNULL = YES;
				CLANG_ANALYZER_NUMBER_OBJECT_CONVERSION = YES_AGGRESSIVE;
				CLANG_CXX_LANGUAGE_STANDARD = "gnu++20";
				CLANG_ENABLE_MODULES = YES;
				CLANG_ENABLE_OBJC_ARC = YES;
				CLANG_ENABLE_OBJC_WEAK = YES;
				CLANG_WARN_BLOCK_CAPTURE_AUTORELEASING = YES;
				CLANG_WARN_BOOL_CONVERSION = YES;
				CLANG_WARN_COMMA = YES;
				CLANG_WARN_CONSTANT_CONVERSION = YES;
				CLANG_WARN_DEPRECATED_OBJC_IMPLEMENTATIONS = YES;
				CLANG_WARN_DIRECT_OBJC_ISA_USAGE = YES_ERROR;
				CLANG_WARN_DOCUMENTATION_COMMENTS = YES;
				CLANG_WARN_EMPTY_BODY = YES;
				CLANG_WARN_ENUM_CONVERSION = YES;
				CLANG_WARN_INFINITE_RECURSION = YES;
				CLANG_WARN_INT_CONVERSION = YES;
				CLANG_WARN_NON_LITERAL_NULL_CONVERSION = YES;
				CLANG_WARN_OBJC_IMPLICIT_RETAIN_SELF = YES;
				CLANG_WARN_OBJC_LITERAL_CONVERSION = YES;
				CLANG_WARN_OBJC_ROOT_CLASS = YES_ERROR;
				CLANG_WARN_QUOTED_INCLUDE_IN_FRAMEWORK_HEADER = YES;
				CLANG_WARN_RANGE_LOOP_ANALYSIS = YES;
				CLANG_WARN_STRICT_PROTOTYPES = YES;
				CLANG_WARN_SUSPICIOUS_MOVE = YES;
				CLANG_WARN_UNGUARDED_AVAILABILITY = YES_AGGRESSIVE;
				CLANG_WARN_UNREACHABLE_CODE = YES;
				CLANG_WARN__DUPLICATE_METHOD_MATCH = YES;
				COPY_PHASE_STRIP = NO;
				DEBUG_INFORMATION_FORMAT = dwarf;
				ENABLE_STRICT_OBJC_MSGSEND = YES;
				ENABLE_TESTABILITY = YES;
				GCC_C_LANGUAGE_STANDARD = gnu11;
				GCC_DYNAMIC_NO_PIC = NO;
				GCC_NO_COMMON_BLOCKS = YES;
				GCC_OPTIMIZATION_LEVEL = 0;
				GCC_PREPROCESSOR_DEFINITIONS = (
					"DEBUG=1",
					"$(inherited)",
				);
				GCC_WARN_64_TO_32_BIT_CONVERSION = YES;
				GCC_WARN_ABOUT_RETURN_TYPE = YES_ERROR;
				GCC_WARN_UNDECLARED_SELECTOR = YES;
				GCC_WARN_UNINITIALIZED_AUTOS = YES_AGGRESSIVE;
				GCC_WARN_UNUSED_FUNCTION = YES;
				GCC_WARN_UNUSED_VARIABLE = YES;
				IPHONEOS_DEPLOYMENT_TARGET = 16.2;
				MTL_ENABLE_DEBUG_INFO = INCLUDE_SOURCE;
				MTL_FAST_MATH = YES;
				ONLY_ACTIVE_ARCH = YES;
				SDKROOT = iphoneos;
				SWIFT_ACTIVE_COMPILATION_CONDITIONS = DEBUG;
				SWIFT_OPTIMIZATION_LEVEL = "-Onone";
			};
			name = Debug;
		};
		00E3C6E429C8DDA000C4879B /* Release */ = {
			isa = XCBuildConfiguration;
			buildSettings = {
				ALWAYS_SEARCH_USER_PATHS = NO;
				CLANG_ANALYZER_NONNULL = YES;
				CLANG_ANALYZER_NUMBER_OBJECT_CONVERSION = YES_AGGRESSIVE;
				CLANG_CXX_LANGUAGE_STANDARD = "gnu++20";
				CLANG_ENABLE_MODULES = YES;
				CLANG_ENABLE_OBJC_ARC = YES;
				CLANG_ENABLE_OBJC_WEAK = YES;
				CLANG_WARN_BLOCK_CAPTURE_AUTORELEASING = YES;
				CLANG_WARN_BOOL_CONVERSION = YES;
				CLANG_WARN_COMMA = YES;
				CLANG_WARN_CONSTANT_CONVERSION = YES;
				CLANG_WARN_DEPRECATED_OBJC_IMPLEMENTATIONS = YES;
				CLANG_WARN_DIRECT_OBJC_ISA_USAGE = YES_ERROR;
				CLANG_WARN_DOCUMENTATION_COMMENTS = YES;
				CLANG_WARN_EMPTY_BODY = YES;
				CLANG_WARN_ENUM_CONVERSION = YES;
				CLANG_WARN_INFINITE_RECURSION = YES;
				CLANG_WARN_INT_CONVERSION = YES;
				CLANG_WARN_NON_LITERAL_NULL_CONVERSION = YES;
				CLANG_WARN_OBJC_IMPLICIT_RETAIN_SELF = YES;
				CLANG_WARN_OBJC_LITERAL_CONVERSION = YES;
				CLANG_WARN_OBJC_ROOT_CLASS = YES_ERROR;
				CLANG_WARN_QUOTED_INCLUDE_IN_FRAMEWORK_HEADER = YES;
				CLANG_WARN_RANGE_LOOP_ANALYSIS = YES;
				CLANG_WARN_STRICT_PROTOTYPES = YES;
				CLANG_WARN_SUSPICIOUS_MOVE = YES;
				CLANG_WARN_UNGUARDED_AVAILABILITY = YES_AGGRESSIVE;
				CLANG_WARN_UNREACHABLE_CODE = YES;
				CLANG_WARN__DUPLICATE_METHOD_MATCH = YES;
				COPY_PHASE_STRIP = NO;
				DEBUG_INFORMATION_FORMAT = "dwarf-with-dsym";
				ENABLE_NS_ASSERTIONS = NO;
				ENABLE_STRICT_OBJC_MSGSEND = YES;
				GCC_C_LANGUAGE_STANDARD = gnu11;
				GCC_NO_COMMON_BLOCKS = YES;
				GCC_WARN_64_TO_32_BIT_CONVERSION = YES;
				GCC_WARN_ABOUT_RETURN_TYPE = YES_ERROR;
				GCC_WARN_UNDECLARED_SELECTOR = YES;
				GCC_WARN_UNINITIALIZED_AUTOS = YES_AGGRESSIVE;
				GCC_WARN_UNUSED_FUNCTION = YES;
				GCC_WARN_UNUSED_VARIABLE = YES;
				IPHONEOS_DEPLOYMENT_TARGET = 16.2;
				MTL_ENABLE_DEBUG_INFO = NO;
				MTL_FAST_MATH = YES;
				SDKROOT = iphoneos;
				SWIFT_COMPILATION_MODE = wholemodule;
				SWIFT_OPTIMIZATION_LEVEL = "-O";
				VALIDATE_PRODUCT = YES;
			};
			name = Release;
		};
		00E3C6E629C8DDA000C4879B /* Debug */ = {
			isa = XCBuildConfiguration;
			buildSettings = {
				ASSETCATALOG_COMPILER_APPICON_NAME = AppIcon;
				ASSETCATALOG_COMPILER_GLOBAL_ACCENT_COLOR_NAME = AccentColor;
				CODE_SIGN_STYLE = Automatic;
				CURRENT_PROJECT_VERSION = 1;
				DEVELOPMENT_TEAM = W9FSXFWG34;
				GENERATE_INFOPLIST_FILE = YES;
				INFOPLIST_FILE = TrandingMovie/Info.plist;
				INFOPLIST_KEY_UIApplicationSupportsIndirectInputEvents = YES;
				INFOPLIST_KEY_UILaunchStoryboardName = LaunchScreen;
				INFOPLIST_KEY_UISupportedInterfaceOrientations_iPad = "UIInterfaceOrientationPortrait UIInterfaceOrientationPortraitUpsideDown UIInterfaceOrientationLandscapeLeft UIInterfaceOrientationLandscapeRight";
				INFOPLIST_KEY_UISupportedInterfaceOrientations_iPhone = "UIInterfaceOrientationPortrait UIInterfaceOrientationLandscapeLeft UIInterfaceOrientationLandscapeRight";
				LD_RUNPATH_SEARCH_PATHS = (
					"$(inherited)",
					"@executable_path/Frameworks",
				);
				MARKETING_VERSION = 1.0;
				PRODUCT_BUNDLE_IDENTIFIER = com.artemorlov.TrandingMovie;
				PRODUCT_NAME = "$(TARGET_NAME)";
				SWIFT_EMIT_LOC_STRINGS = YES;
				SWIFT_VERSION = 5.0;
				TARGETED_DEVICE_FAMILY = "1,2";
			};
			name = Debug;
		};
		00E3C6E729C8DDA000C4879B /* Release */ = {
			isa = XCBuildConfiguration;
			buildSettings = {
				ASSETCATALOG_COMPILER_APPICON_NAME = AppIcon;
				ASSETCATALOG_COMPILER_GLOBAL_ACCENT_COLOR_NAME = AccentColor;
				CODE_SIGN_STYLE = Automatic;
				CURRENT_PROJECT_VERSION = 1;
				DEVELOPMENT_TEAM = W9FSXFWG34;
				GENERATE_INFOPLIST_FILE = YES;
				INFOPLIST_FILE = TrandingMovie/Info.plist;
				INFOPLIST_KEY_UIApplicationSupportsIndirectInputEvents = YES;
				INFOPLIST_KEY_UILaunchStoryboardName = LaunchScreen;
				INFOPLIST_KEY_UISupportedInterfaceOrientations_iPad = "UIInterfaceOrientationPortrait UIInterfaceOrientationPortraitUpsideDown UIInterfaceOrientationLandscapeLeft UIInterfaceOrientationLandscapeRight";
				INFOPLIST_KEY_UISupportedInterfaceOrientations_iPhone = "UIInterfaceOrientationPortrait UIInterfaceOrientationLandscapeLeft UIInterfaceOrientationLandscapeRight";
				LD_RUNPATH_SEARCH_PATHS = (
					"$(inherited)",
					"@executable_path/Frameworks",
				);
				MARKETING_VERSION = 1.0;
				PRODUCT_BUNDLE_IDENTIFIER = com.artemorlov.TrandingMovie;
				PRODUCT_NAME = "$(TARGET_NAME)";
				SWIFT_EMIT_LOC_STRINGS = YES;
				SWIFT_VERSION = 5.0;
				TARGETED_DEVICE_FAMILY = "1,2";
			};
			name = Release;
		};
/* End XCBuildConfiguration section */

/* Begin XCConfigurationList section */
		00E3C6CC29C8DD9F00C4879B /* Build configuration list for PBXProject "TrandingMovie" */ = {
			isa = XCConfigurationList;
			buildConfigurations = (
				00E3C6E329C8DDA000C4879B /* Debug */,
				00E3C6E429C8DDA000C4879B /* Release */,
			);
			defaultConfigurationIsVisible = 0;
			defaultConfigurationName = Release;
		};
		00E3C6E529C8DDA000C4879B /* Build configuration list for PBXNativeTarget "TrandingMovie" */ = {
			isa = XCConfigurationList;
			buildConfigurations = (
				00E3C6E629C8DDA000C4879B /* Debug */,
				00E3C6E729C8DDA000C4879B /* Release */,
			);
			defaultConfigurationIsVisible = 0;
			defaultConfigurationName = Release;
		};
/* End XCConfigurationList section */
	};
	rootObject = 00E3C6C929C8DD9F00C4879B /* Project object */;
}
